
Microsoft Visual Studio Solution File, Format Version 12.00
# Visual Studio 14
VisualStudioVersion = 14.0.23107.0
MinimumVisualStudioVersion = 10.0.40219.1
Project("{F2A71F9B-5D33-465A-A702-920D77279786}") = "Tests", "Tests\Tests.fsproj", "{46A92043-450A-45DD-88B5-DE4E5BB42795}"
EndProject
Project("{F2A71F9B-5D33-465A-A702-920D77279786}") = "Tracer", "TracerAPI\Tracer.fsproj", "{2ED1F7EE-ED05-4F03-BD9E-0A531146BFAE}"
EndProject
Project("{F2A71F9B-5D33-465A-A702-920D77279786}") = "DrawAttributes", "DrawAttributes\DrawAttributes.fsproj", "{C9DCF27D-0261-4D55-8AF9-2CDD4210E888}"
EndProject
Project("{F2A71F9B-5D33-465A-A702-920D77279786}") = "ExprComp", "ExprComp\ExprComp.fsproj", "{43CDD2B1-D3D2-469E-93C4-4B536ABB3FBE}"
EndProject
Project("{F2A71F9B-5D33-465A-A702-920D77279786}") = "Space3D", "Space3D\Space3D.fsproj", "{60E1B77C-8213-45CE-8662-21C240D44F5B}"
EndProject
Project("{F2A71F9B-5D33-465A-A702-920D77279786}") = "BaseShape", "BaseShape\BaseShape.fsproj", "{DA3C8A8C-19AB-4FC9-ABDE-BE1E7DF5346E}"
EndProject
Project("{F2A71F9B-5D33-465A-A702-920D77279786}") = "Main", "Main\Main.fsproj", "{F8E23745-D937-49E0-A513-A814D23D4BB9}"
EndProject
Global
	GlobalSection(SolutionConfigurationPlatforms) = preSolution
		Debug|Any CPU = Debug|Any CPU
		Release|Any CPU = Release|Any CPU
	EndGlobalSection
	GlobalSection(ProjectConfigurationPlatforms) = postSolution
		{46A92043-450A-45DD-88B5-DE4E5BB42795}.Debug|Any CPU.ActiveCfg = Debug|Any CPU
		{46A92043-450A-45DD-88B5-DE4E5BB42795}.Debug|Any CPU.Build.0 = Debug|Any CPU
		{46A92043-450A-45DD-88B5-DE4E5BB42795}.Release|Any CPU.ActiveCfg = Release|Any CPU
		{46A92043-450A-45DD-88B5-DE4E5BB42795}.Release|Any CPU.Build.0 = Release|Any CPU
		{2ED1F7EE-ED05-4F03-BD9E-0A531146BFAE}.Debug|Any CPU.ActiveCfg = Debug|Any CPU
		{2ED1F7EE-ED05-4F03-BD9E-0A531146BFAE}.Debug|Any CPU.Build.0 = Debug|Any CPU
		{2ED1F7EE-ED05-4F03-BD9E-0A531146BFAE}.Release|Any CPU.ActiveCfg = Release|Any CPU
		{2ED1F7EE-ED05-4F03-BD9E-0A531146BFAE}.Release|Any CPU.Build.0 = Release|Any CPU
		{C9DCF27D-0261-4D55-8AF9-2CDD4210E888}.Debug|Any CPU.ActiveCfg = Debug|Any CPU
		{C9DCF27D-0261-4D55-8AF9-2CDD4210E888}.Debug|Any CPU.Build.0 = Debug|Any CPU
		{C9DCF27D-0261-4D55-8AF9-2CDD4210E888}.Release|Any CPU.ActiveCfg = Release|Any CPU
		{C9DCF27D-0261-4D55-8AF9-2CDD4210E888}.Release|Any CPU.Build.0 = Release|Any CPU
		{43CDD2B1-D3D2-469E-93C4-4B536ABB3FBE}.Debug|Any CPU.ActiveCfg = Debug|Any CPU
		{43CDD2B1-D3D2-469E-93C4-4B536ABB3FBE}.Debug|Any CPU.Build.0 = Debug|Any CPU
		{43CDD2B1-D3D2-469E-93C4-4B536ABB3FBE}.Release|Any CPU.ActiveCfg = Release|Any CPU
		{43CDD2B1-D3D2-469E-93C4-4B536ABB3FBE}.Release|Any CPU.Build.0 = Release|Any CPU
		{60E1B77C-8213-45CE-8662-21C240D44F5B}.Debug|Any CPU.ActiveCfg = Debug|Any CPU
		{60E1B77C-8213-45CE-8662-21C240D44F5B}.Debug|Any CPU.Build.0 = Debug|Any CPU
		{60E1B77C-8213-45CE-8662-21C240D44F5B}.Release|Any CPU.ActiveCfg = Release|Any CPU
		{60E1B77C-8213-45CE-8662-21C240D44F5B}.Release|Any CPU.Build.0 = Release|Any CPU
		{DA3C8A8C-19AB-4FC9-ABDE-BE1E7DF5346E}.Debug|Any CPU.ActiveCfg = Debug|Any CPU
		{DA3C8A8C-19AB-4FC9-ABDE-BE1E7DF5346E}.Debug|Any CPU.Build.0 = Debug|Any CPU
		{DA3C8A8C-19AB-4FC9-ABDE-BE1E7DF5346E}.Release|Any CPU.ActiveCfg = Release|Any CPU
		{DA3C8A8C-19AB-4FC9-ABDE-BE1E7DF5346E}.Release|Any CPU.Build.0 = Release|Any CPU
		{F8E23745-D937-49E0-A513-A814D23D4BB9}.Debug|Any CPU.ActiveCfg = Debug|Any CPU
		{F8E23745-D937-49E0-A513-A814D23D4BB9}.Debug|Any CPU.Build.0 = Debug|Any CPU
		{F8E23745-D937-49E0-A513-A814D23D4BB9}.Release|Any CPU.ActiveCfg = Release|Any CPU
		{F8E23745-D937-49E0-A513-A814D23D4BB9}.Release|Any CPU.Build.0 = Release|Any CPU
	EndGlobalSection
	GlobalSection(SolutionProperties) = preSolution
		HideSolutionNode = FALSE
	EndGlobalSection
EndGlobal
